
Microsoft Visual Studio Solution File, Format Version 12.00
# Visual Studio Version 16
VisualStudioVersion = 16.0.30011.22
MinimumVisualStudioVersion = 10.0.40219.1
Project("{FAE04EC0-301F-11D3-BF4B-00C04F79EFBC}") = "SharpApplocker", "SharpApplocker\SharpApplocker.csproj", "{FE102D27-DEC4-42E2-BF69-86C79E08B67D}"
EndProject
Global
	GlobalSection(SolutionConfigurationPlatforms) = preSolution
		Debug|Any CPU = Debug|Any CPU
		Release|Any CPU = Release|Any CPU
	EndGlobalSection
	GlobalSection(ProjectConfigurationPlatforms) = postSolution
		{FE102D27-DEC4-42E2-BF69-86C79E08B67D}.Debug|Any CPU.ActiveCfg = Debug|Any CPU
		{FE102D27-DEC4-42E2-BF69-86C79E08B67D}.Debug|Any CPU.Build.0 = Debug|Any CPU
		{FE102D27-DEC4-42E2-BF69-86C79E08B67D}.Release|Any CPU.ActiveCfg = Release|Any CPU
		{FE102D27-DEC4-42E2-BF69-86C79E08B67D}.Release|Any CPU.Build.0 = Release|Any CPU
	EndGlobalSection
	GlobalSection(SolutionProperties) = preSolution
		HideSolutionNode = FALSE
	EndGlobalSection
	GlobalSection(ExtensibilityGlobals) = postSolution
		SolutionGuid = {E522C5A4-AB8D-4AE4-B259-D7DC378471C9}
	EndGlobalSection
EndGlobal
